
Microsoft Visual Studio Solution File, Format Version 12.00
# Visual Studio 15
VisualStudioVersion = 15.0.27428.2002
MinimumVisualStudioVersion = 10.0.40219.1
Project("{9A19103F-16F7-4668-BE54-9A1E7A4F7556}") = "Domain", "Domain\Domain.csproj", "{E2259DBE-77B3-466B-8919-30D5F6FB4823}"
EndProject
Project("{9A19103F-16F7-4668-BE54-9A1E7A4F7556}") = "Repository", "Repository\Repository.csproj", "{B2436017-C303-4552-B102-1F84CD4C2B85}"
EndProject
Project("{9A19103F-16F7-4668-BE54-9A1E7A4F7556}") = "Repository.Tests", "Repository.Tests\Repository.Tests.csproj", "{B6AD8B66-B0AD-4E76-B82E-45E471B5EDE2}"
EndProject
Project("{FAE04EC0-301F-11D3-BF4B-00C04F79EFBC}") = "Application", "Application\Application.csproj", "{E602CAD1-819E-4065-9861-8C592AC98B99}"
EndProject
Project("{FAE04EC0-301F-11D3-BF4B-00C04F79EFBC}") = "WebMvc", "WebMvc\WebMvc.csproj", "{BAC447C8-412D-432B-8CEC-7A17363E14E6}"
EndProject
Global
	GlobalSection(SolutionConfigurationPlatforms) = preSolution
		Debug|Any CPU = Debug|Any CPU
		Release|Any CPU = Release|Any CPU
	EndGlobalSection
	GlobalSection(ProjectConfigurationPlatforms) = postSolution
		{E2259DBE-77B3-466B-8919-30D5F6FB4823}.Debug|Any CPU.ActiveCfg = Debug|Any CPU
		{E2259DBE-77B3-466B-8919-30D5F6FB4823}.Debug|Any CPU.Build.0 = Debug|Any CPU
		{E2259DBE-77B3-466B-8919-30D5F6FB4823}.Release|Any CPU.ActiveCfg = Release|Any CPU
		{E2259DBE-77B3-466B-8919-30D5F6FB4823}.Release|Any CPU.Build.0 = Release|Any CPU
		{B2436017-C303-4552-B102-1F84CD4C2B85}.Debug|Any CPU.ActiveCfg = Debug|Any CPU
		{B2436017-C303-4552-B102-1F84CD4C2B85}.Debug|Any CPU.Build.0 = Debug|Any CPU
		{B2436017-C303-4552-B102-1F84CD4C2B85}.Release|Any CPU.ActiveCfg = Release|Any CPU
		{B2436017-C303-4552-B102-1F84CD4C2B85}.Release|Any CPU.Build.0 = Release|Any CPU
		{B6AD8B66-B0AD-4E76-B82E-45E471B5EDE2}.Debug|Any CPU.ActiveCfg = Debug|Any CPU
		{B6AD8B66-B0AD-4E76-B82E-45E471B5EDE2}.Debug|Any CPU.Build.0 = Debug|Any CPU
		{B6AD8B66-B0AD-4E76-B82E-45E471B5EDE2}.Release|Any CPU.ActiveCfg = Release|Any CPU
		{B6AD8B66-B0AD-4E76-B82E-45E471B5EDE2}.Release|Any CPU.Build.0 = Release|Any CPU
		{E602CAD1-819E-4065-9861-8C592AC98B99}.Debug|Any CPU.ActiveCfg = Debug|Any CPU
		{E602CAD1-819E-4065-9861-8C592AC98B99}.Debug|Any CPU.Build.0 = Debug|Any CPU
		{E602CAD1-819E-4065-9861-8C592AC98B99}.Release|Any CPU.ActiveCfg = Release|Any CPU
		{E602CAD1-819E-4065-9861-8C592AC98B99}.Release|Any CPU.Build.0 = Release|Any CPU
		{BAC447C8-412D-432B-8CEC-7A17363E14E6}.Debug|Any CPU.ActiveCfg = Debug|Any CPU
		{BAC447C8-412D-432B-8CEC-7A17363E14E6}.Debug|Any CPU.Build.0 = Debug|Any CPU
		{BAC447C8-412D-432B-8CEC-7A17363E14E6}.Release|Any CPU.ActiveCfg = Release|Any CPU
		{BAC447C8-412D-432B-8CEC-7A17363E14E6}.Release|Any CPU.Build.0 = Release|Any CPU
	EndGlobalSection
	GlobalSection(SolutionProperties) = preSolution
		HideSolutionNode = FALSE
	EndGlobalSection
	GlobalSection(ExtensibilityGlobals) = postSolution
		SolutionGuid = {97434B0F-0DB7-4B64-A447-4E5D19A77054}
	EndGlobalSection
EndGlobal
